Microsoft Visual Studio Solution File, Format Version 12.00
# Visual Studio 2012
Project("{FAE04EC0-301F-11D3-BF4B-00C04F79EFBC}") = "space-defense-prototype", "space-defense-prototype.csproj", "{3D2FABD3-A198-4E2F-AF07-EF5E750E1B67}"
EndProject
Global
	GlobalSection(SolutionConfigurationPlatforms) = preSolution
	Debug|Any CPU = Debug|Any CPU
	Release|Any CPU = Release|Any CPU
	Tools|Any CPU = Tools|Any CPU
	EndGlobalSection
	GlobalSection(ProjectConfigurationPlatforms) = postSolution
		{3D2FABD3-A198-4E2F-AF07-EF5E750E1B67}.Debug|Any CPU.ActiveCfg = Debug|Any CPU
		{3D2FABD3-A198-4E2F-AF07-EF5E750E1B67}.Debug|Any CPU.Build.0 = Debug|Any CPU
		{3D2FABD3-A198-4E2F-AF07-EF5E750E1B67}.Release|Any CPU.ActiveCfg = Release|Any CPU
		{3D2FABD3-A198-4E2F-AF07-EF5E750E1B67}.Release|Any CPU.Build.0 = Release|Any CPU
		{3D2FABD3-A198-4E2F-AF07-EF5E750E1B67}.Tools|Any CPU.ActiveCfg = Tools|Any CPU
		{3D2FABD3-A198-4E2F-AF07-EF5E750E1B67}.Tools|Any CPU.Build.0 = Tools|Any CPU
	EndGlobalSection
EndGlobal
